
Microsoft Visual Studio Solution File, Format Version 12.00
# Visual Studio 15
VisualStudioVersion = 15.0.26124.0
MinimumVisualStudioVersion = 15.0.26124.0
Project("{9A19103F-16F7-4668-BE54-9A1E7A4F7556}") = "Actio.Api", "src\Actio.Api\Actio.Api.csproj", "{15558E56-5554-433C-B6FE-BD340EB2578A}"
EndProject
Project("{9A19103F-16F7-4668-BE54-9A1E7A4F7556}") = "Actio.Common", "src\Actio.Common\Actio.Common.csproj", "{C6C6927A-7ADC-4DD1-AD55-1B2EDF0C12CE}"
EndProject
Project("{9A19103F-16F7-4668-BE54-9A1E7A4F7556}") = "Actio.Services.Activities", "src\Actio.Services.Activities\Actio.Services.Activities.csproj", "{7AF1CA30-21B3-4136-BCC8-ABEFAE57CBD8}"
EndProject
Project("{9A19103F-16F7-4668-BE54-9A1E7A4F7556}") = "Actio.Services.Identity", "src\Actio.Services.Identity\Actio.Services.Identity.csproj", "{E9413C66-CBAF-4BDD-9486-A7397AD69340}"
EndProject
Project("{2150E333-8FDC-42A3-9474-1A3956D46DE8}") = "Solution Items", "Solution Items", "{B6F994D7-9A9D-455B-9474-CE73680005E0}"
	ProjectSection(SolutionItems) = preProject
		.gitignore = .gitignore
	EndProjectSection
EndProject
Global
	GlobalSection(SolutionConfigurationPlatforms) = preSolution
		Debug|Any CPU = Debug|Any CPU
		Debug|x64 = Debug|x64
		Debug|x86 = Debug|x86
		Release|Any CPU = Release|Any CPU
		Release|x64 = Release|x64
		Release|x86 = Release|x86
	EndGlobalSection
	GlobalSection(ProjectConfigurationPlatforms) = postSolution
		{15558E56-5554-433C-B6FE-BD340EB2578A}.Debug|Any CPU.ActiveCfg = Debug|Any CPU
		{15558E56-5554-433C-B6FE-BD340EB2578A}.Debug|Any CPU.Build.0 = Debug|Any CPU
		{15558E56-5554-433C-B6FE-BD340EB2578A}.Debug|x64.ActiveCfg = Debug|Any CPU
		{15558E56-5554-433C-B6FE-BD340EB2578A}.Debug|x64.Build.0 = Debug|Any CPU
		{15558E56-5554-433C-B6FE-BD340EB2578A}.Debug|x86.ActiveCfg = Debug|Any CPU
		{15558E56-5554-433C-B6FE-BD340EB2578A}.Debug|x86.Build.0 = Debug|Any CPU
		{15558E56-5554-433C-B6FE-BD340EB2578A}.Release|Any CPU.ActiveCfg = Release|Any CPU
		{15558E56-5554-433C-B6FE-BD340EB2578A}.Release|Any CPU.Build.0 = Release|Any CPU
		{15558E56-5554-433C-B6FE-BD340EB2578A}.Release|x64.ActiveCfg = Release|Any CPU
		{15558E56-5554-433C-B6FE-BD340EB2578A}.Release|x64.Build.0 = Release|Any CPU
		{15558E56-5554-433C-B6FE-BD340EB2578A}.Release|x86.ActiveCfg = Release|Any CPU
		{15558E56-5554-433C-B6FE-BD340EB2578A}.Release|x86.Build.0 = Release|Any CPU
		{C6C6927A-7ADC-4DD1-AD55-1B2EDF0C12CE}.Debug|Any CPU.ActiveCfg = Debug|Any CPU
		{C6C6927A-7ADC-4DD1-AD55-1B2EDF0C12CE}.Debug|Any CPU.Build.0 = Debug|Any CPU
		{C6C6927A-7ADC-4DD1-AD55-1B2EDF0C12CE}.Debug|x64.ActiveCfg = Debug|Any CPU
		{C6C6927A-7ADC-4DD1-AD55-1B2EDF0C12CE}.Debug|x64.Build.0 = Debug|Any CPU
		{C6C6927A-7ADC-4DD1-AD55-1B2EDF0C12CE}.Debug|x86.ActiveCfg = Debug|Any CPU
		{C6C6927A-7ADC-4DD1-AD55-1B2EDF0C12CE}.Debug|x86.Build.0 = Debug|Any CPU
		{C6C6927A-7ADC-4DD1-AD55-1B2EDF0C12CE}.Release|Any CPU.ActiveCfg = Release|Any CPU
		{C6C6927A-7ADC-4DD1-AD55-1B2EDF0C12CE}.Release|Any CPU.Build.0 = Release|Any CPU
		{C6C6927A-7ADC-4DD1-AD55-1B2EDF0C12CE}.Release|x64.ActiveCfg = Release|Any CPU
		{C6C6927A-7ADC-4DD1-AD55-1B2EDF0C12CE}.Release|x64.Build.0 = Release|Any CPU
		{C6C6927A-7ADC-4DD1-AD55-1B2EDF0C12CE}.Release|x86.ActiveCfg = Release|Any CPU
		{C6C6927A-7ADC-4DD1-AD55-1B2EDF0C12CE}.Release|x86.Build.0 = Release|Any CPU
		{7AF1CA30-21B3-4136-BCC8-ABEFAE57CBD8}.Debug|Any CPU.ActiveCfg = Debug|Any CPU
		{7AF1CA30-21B3-4136-BCC8-ABEFAE57CBD8}.Debug|Any CPU.Build.0 = Debug|Any CPU
		{7AF1CA30-21B3-4136-BCC8-ABEFAE57CBD8}.Debug|x64.ActiveCfg = Debug|Any CPU
		{7AF1CA30-21B3-4136-BCC8-ABEFAE57CBD8}.Debug|x64.Build.0 = Debug|Any CPU
		{7AF1CA30-21B3-4136-BCC8-ABEFAE57CBD8}.Debug|x86.ActiveCfg = Debug|Any CPU
		{7AF1CA30-21B3-4136-BCC8-ABEFAE57CBD8}.Debug|x86.Build.0 = Debug|Any CPU
		{7AF1CA30-21B3-4136-BCC8-ABEFAE57CBD8}.Release|Any CPU.ActiveCfg = Release|Any CPU
		{7AF1CA30-21B3-4136-BCC8-ABEFAE57CBD8}.Release|Any CPU.Build.0 = Release|Any CPU
		{7AF1CA30-21B3-4136-BCC8-ABEFAE57CBD8}.Release|x64.ActiveCfg = Release|Any CPU
		{7AF1CA30-21B3-4136-BCC8-ABEFAE57CBD8}.Release|x64.Build.0 = Release|Any CPU
		{7AF1CA30-21B3-4136-BCC8-ABEFAE57CBD8}.Release|x86.ActiveCfg = Release|Any CPU
		{7AF1CA30-21B3-4136-BCC8-ABEFAE57CBD8}.Release|x86.Build.0 = Release|Any CPU
		{E9413C66-CBAF-4BDD-9486-A7397AD69340}.Debug|Any CPU.ActiveCfg = Debug|Any CPU
		{E9413C66-CBAF-4BDD-9486-A7397AD69340}.Debug|Any CPU.Build.0 = Debug|Any CPU
		{E9413C66-CBAF-4BDD-9486-A7397AD69340}.Debug|x64.ActiveCfg = Debug|Any CPU
		{E9413C66-CBAF-4BDD-9486-A7397AD69340}.Debug|x64.Build.0 = Debug|Any CPU
		{E9413C66-CBAF-4BDD-9486-A7397AD69340}.Debug|x86.ActiveCfg = Debug|Any CPU
		{E9413C66-CBAF-4BDD-9486-A7397AD69340}.Debug|x86.Build.0 = Debug|Any CPU
		{E9413C66-CBAF-4BDD-9486-A7397AD69340}.Release|Any CPU.ActiveCfg = Release|Any CPU
		{E9413C66-CBAF-4BDD-9486-A7397AD69340}.Release|Any CPU.Build.0 = Release|Any CPU
		{E9413C66-CBAF-4BDD-9486-A7397AD69340}.Release|x64.ActiveCfg = Release|Any CPU
		{E9413C66-CBAF-4BDD-9486-A7397AD69340}.Release|x64.Build.0 = Release|Any CPU
		{E9413C66-CBAF-4BDD-9486-A7397AD69340}.Release|x86.ActiveCfg = Release|Any CPU
		{E9413C66-CBAF-4BDD-9486-A7397AD69340}.Release|x86.Build.0 = Release|Any CPU
	EndGlobalSection
	GlobalSection(SolutionProperties) = preSolution
		HideSolutionNode = FALSE
	EndGlobalSection
	GlobalSection(ExtensibilityGlobals) = postSolution
		SolutionGuid = {4308AC90-7948-4BF8-8D20-05142B138947}
	EndGlobalSection
EndGlobal
